// !$*UTF8*$!
{
	archiveVersion = 1;
	classes = {
	};
	objectVersion = 77;
	objects = {

/* Begin PBXContainerItemProxy section */
		8B0A7E082F6A596000D66D7F /* PBXContainerItemProxy */ = {
			isa = PBXContainerItemProxy;
			containerPortal = 8B0A7DF22F6A595E00D66D7F /* Project object */;
			proxyType = 1;
			remoteGlobalIDString = 8B0A7DF92F6A595E00D66D7F;
			remoteInfo = DocumentRecognition5ExtractBarcode;
		};
		8B0A7E122F6A596000D66D7F /* PBXContainerItemProxy */ = {
			isa = PBXContainerItemProxy;
			containerPortal = 8B0A7DF22F6A595E00D66D7F /* Project object */;
			proxyType = 1;
			remoteGlobalIDString = 8B0A7DF92F6A595E00D66D7F;
			remoteInfo = DocumentRecognition5ExtractBarcode;
		};
/* End PBXContainerItemProxy section */

/* Begin PBXFileReference section */
		8B0A7DFA2F6A595E00D66D7F /* DocumentRecognition5ExtractBarcode.app */ = {isa = PBXFileReference; explicitFileType = wrapper.application; includeInIndex = 0; path = DocumentRecognition5ExtractBarcode.app; sourceTree = BUILT_PRODUCTS_DIR; };
		8B0A7E072F6A596000D66D7F /* DocumentRecognition5ExtractBarcodeTests.xctest */ = {isa = PBXFileReference; explicitFileType = wrapper.cfbundle; includeInIndex = 0; path = DocumentRecognition5ExtractBarcodeTests.xctest; sourceTree = BUILT_PRODUCTS_DIR; };
		8B0A7E112F6A596000D66D7F /* DocumentRecognition5ExtractBarcodeUITests.xctest */ = {isa = PBXFileReference; explicitFileType = wrapper.cfbundle; includeInIndex = 0; path = DocumentRecognition5ExtractBarcodeUITests.xctest; sourceTree = BUILT_PRODUCTS_DIR; };
/* End PBXFileReference section */

/* Begin PBXFileSystemSynchronizedRootGroup section */
		8B0A7DFC2F6A595E00D66D7F /* DocumentRecognition5ExtractBarcode */ = {
			isa = PBXFileSystemSynchronizedRootGroup;
			path = DocumentRecognition5ExtractBarcode;
			sourceTree = "<group>";
		};
		8B0A7E0A2F6A596000D66D7F /* DocumentRecognition5ExtractBarcodeTests */ = {
			isa = PBXFileSystemSynchronizedRootGroup;
			path = DocumentRecognition5ExtractBarcodeTests;
			sourceTree = "<group>";
		};
		8B0A7E142F6A596000D66D7F /* DocumentRecognition5ExtractBarcodeUITests */ = {
			isa = PBXFileSystemSynchronizedRootGroup;
			path = DocumentRecognition5ExtractBarcodeUITests;
			sourceTree = "<group>";
		};
/* End PBXFileSystemSynchronizedRootGroup section */

/* Begin PBXFrameworksBuildPhase section */
		8B0A7DF72F6A595E00D66D7F /* Frameworks */ = {
			isa = PBXFrameworksBuildPhase;
			buildActionMask = 2147483647;
			files = (
			);
			runOnlyForDeploymentPostprocessing = 0;
		};
		8B0A7E042F6A596000D66D7F /* Frameworks */ = {
			isa = PBXFrameworksBuildPhase;
			buildActionMask = 2147483647;
			files = (
			);
			runOnlyForDeploymentPostprocessing = 0;
		};
		8B0A7E0E2F6A596000D66D7F /* Frameworks */ = {
			isa = PBXFrameworksBuildPhase;
			buildActionMask = 2147483647;
			files = (
			);
			runOnlyForDeploymentPostprocessing = 0;
		};
/* End PBXFrameworksBuildPhase section */

/* Begin PBXGroup section */
		8B0A7DF12F6A595E00D66D7F = {
			isa = PBXGroup;
			children = (
				8B0A7DFC2F6A595E00D66D7F /* DocumentRecognition5ExtractBarcode */,
				8B0A7E0A2F6A596000D66D7F /* DocumentRecognition5ExtractBarcodeTests */,
				8B0A7E142F6A596000D66D7F /* DocumentRecognition5ExtractBarcodeUITests */,
				8B0A7DFB2F6A595E00D66D7F /* Products */,
			);
			sourceTree = "<group>";
		};
		8B0A7DFB2F6A595E00D66D7F /* Products */ = {
			isa = PBXGroup;
			children = (
				8B0A7DFA2F6A595E00D66D7F /* DocumentRecognition5ExtractBarcode.app */,
				8B0A7E072F6A596000D66D7F /* DocumentRecognition5ExtractBarcodeTests.xctest */,
				8B0A7E112F6A596000D66D7F /* DocumentRecognition5ExtractBarcodeUITests.xctest */,
			);
			name = Products;
			sourceTree = "<group>";
		};
/* End PBXGroup section */

/* Begin PBXNativeTarget section */
		8B0A7DF92F6A595E00D66D7F /* DocumentRecognition5ExtractBarcode */ = {
			isa = PBXNativeTarget;
			buildConfigurationList = 8B0A7E1B2F6A596000D66D7F /* Build configuration list for PBXNativeTarget "DocumentRecognition5ExtractBarcode" */;
			buildPhases = (
				8B0A7DF62F6A595E00D66D7F /* Sources */,
				8B0A7DF72F6A595E00D66D7F /* Frameworks */,
				8B0A7DF82F6A595E00D66D7F /* Resources */,
			);
			buildRules = (
			);
			dependencies = (
			);
			fileSystemSynchronizedGroups = (
				8B0A7DFC2F6A595E00D66D7F /* DocumentRecognition5ExtractBarcode */,
			);
			name = DocumentRecognition5ExtractBarcode;
			packageProductDependencies = (
			);
			productName = DocumentRecognition5ExtractBarcode;
			productReference = 8B0A7DFA2F6A595E00D66D7F /* DocumentRecognition5ExtractBarcode.app */;
			productType = "com.apple.product-type.application";
		};
		8B0A7E062F6A596000D66D7F /* DocumentRecognition5ExtractBarcodeTests */ = {
			isa = PBXNativeTarget;
			buildConfigurationList = 8B0A7E1E2F6A596000D66D7F /* Build configuration list for PBXNativeTarget "DocumentRecognition5ExtractBarcodeTests" */;
			buildPhases = (
				8B0A7E032F6A596000D66D7F /* Sources */,
				8B0A7E042F6A596000D66D7F /* Frameworks */,
				8B0A7E052F6A596000D66D7F /* Resources */,
			);
			buildRules = (
			);
			dependencies = (
				8B0A7E092F6A596000D66D7F /* PBXTargetDependency */,
			);
			fileSystemSynchronizedGroups = (
				8B0A7E0A2F6A596000D66D7F /* DocumentRecognition5ExtractBarcodeTests */,
			);
			name = DocumentRecognition5ExtractBarcodeTests;
			packageProductDependencies = (
			);
			productName = DocumentRecognition5ExtractBarcodeTests;
			productReference = 8B0A7E072F6A596000D66D7F /* DocumentRecognition5ExtractBarcodeTests.xctest */;
			productType = "com.apple.product-type.bundle.unit-test";
		};
		8B0A7E102F6A596000D66D7F /* DocumentRecognition5ExtractBarcodeUITests */ = {
			isa = PBXNativeTarget;
			buildConfigurationList = 8B0A7E212F6A596000D66D7F /* Build configuration list for PBXNativeTarget "DocumentRecognition5ExtractBarcodeUITests" */;
			buildPhases = (
				8B0A7E0D2F6A596000D66D7F /* Sources */,
				8B0A7E0E2F6A596000D66D7F /* Frameworks */,
				8B0A7E0F2F6A596000D66D7F /* Resources */,
			);
			buildRules = (
			);
			dependencies = (
				8B0A7E132F6A596000D66D7F /* PBXTargetDependency */,
			);
			fileSystemSynchronizedGroups = (
				8B0A7E142F6A596000D66D7F /* DocumentRecognition5ExtractBarcodeUITests */,
			);
			name = DocumentRecognition5ExtractBarcodeUITests;
			packageProductDependencies = (
			);
			productName = DocumentRecognition5ExtractBarcodeUITests;
			productReference = 8B0A7E112F6A596000D66D7F /* DocumentRecognition5ExtractBarcodeUITests.xctest */;
			productType = "com.apple.product-type.bundle.ui-testing";
		};
/* End PBXNativeTarget section */

/* Begin PBXProject section */
		8B0A7DF22F6A595E00D66D7F /* Project object */ = {
			isa = PBXProject;
			attributes = {
				BuildIndependentTargetsInParallel = 1;
				LastSwiftUpdateCheck = 2630;
				LastUpgradeCheck = 2630;
				TargetAttributes = {
					8B0A7DF92F6A595E00D66D7F = {
						CreatedOnToolsVersion = 26.3;
					};
					8B0A7E062F6A596000D66D7F = {
						CreatedOnToolsVersion = 26.3;
						TestTargetID = 8B0A7DF92F6A595E00D66D7F;
					};
					8B0A7E102F6A596000D66D7F = {
						CreatedOnToolsVersion = 26.3;
						TestTargetID = 8B0A7DF92F6A595E00D66D7F;
					};
				};
			};
			buildConfigurationList = 8B0A7DF52F6A595E00D66D7F /* Build configuration list for PBXProject "DocumentRecognition5ExtractBarcode" */;
			developmentRegion = en;
			hasScannedForEncodings = 0;
			knownRegions = (
				en,
				Base,
			);
			mainGroup = 8B0A7DF12F6A595E00D66D7F;
			minimizedProjectReferenceProxies = 1;
			preferredProjectObjectVersion = 77;
			productRefGroup = 8B0A7DFB2F6A595E00D66D7F /* Products */;
			projectDirPath = "";
			projectRoot = "";
			targets = (
				8B0A7DF92F6A595E00D66D7F /* DocumentRecognition5ExtractBarcode */,
				8B0A7E062F6A596000D66D7F /* DocumentRecognition5ExtractBarcodeTests */,
				8B0A7E102F6A596000D66D7F /* DocumentRecognition5ExtractBarcodeUITests */,
			);
		};
/* End PBXProject section */

/* Begin PBXResourcesBuildPhase section */
		8B0A7DF82F6A595E00D66D7F /* Resources */ = {
			isa = PBXResourcesBuildPhase;
			buildActionMask = 2147483647;
			files = (
			);
			runOnlyForDeploymentPostprocessing = 0;
		};
		8B0A7E052F6A596000D66D7F /* Resources */ = {
			isa = PBXResourcesBuildPhase;
			buildActionMask = 2147483647;
			files = (
			);
			runOnlyForDeploymentPostprocessing = 0;
		};
		8B0A7E0F2F6A596000D66D7F /* Resources */ = {
			isa = PBXResourcesBuildPhase;
			buildActionMask = 2147483647;
			files = (
			);
			runOnlyForDeploymentPostprocessing = 0;
		};
/* End PBXResourcesBuildPhase section */

/* Begin PBXSourcesBuildPhase section */
		8B0A7DF62F6A595E00D66D7F /* Sources */ = {
			isa = PBXSourcesBuildPhase;
			buildActionMask = 2147483647;
			files = (
			);
			runOnlyForDeploymentPostprocessing = 0;
		};
		8B0A7E032F6A596000D66D7F /* Sources */ = {
			isa = PBXSourcesBuildPhase;
			buildActionMask = 2147483647;
			files = (
			);
			runOnlyForDeploymentPostprocessing = 0;
		};
		8B0A7E0D2F6A596000D66D7F /* Sources */ = {
			isa = PBXSourcesBuildPhase;
			buildActionMask = 2147483647;
			files = (
			);
			runOnlyForDeploymentPostprocessing = 0;
		};
/* End PBXSourcesBuildPhase section */

/* Begin PBXTargetDependency section */
		8B0A7E092F6A596000D66D7F /* PBXTargetDependency */ = {
			isa = PBXTargetDependency;
			target = 8B0A7DF92F6A595E00D66D7F /* DocumentRecognition5ExtractBarcode */;
			targetProxy = 8B0A7E082F6A596000D66D7F /* PBXContainerItemProxy */;
		};
		8B0A7E132F6A596000D66D7F /* PBXTargetDependency */ = {
			isa = PBXTargetDependency;
			target = 8B0A7DF92F6A595E00D66D7F /* DocumentRecognition5ExtractBarcode */;
			targetProxy = 8B0A7E122F6A596000D66D7F /* PBXContainerItemProxy */;
		};
/* End PBXTargetDependency section */

/* Begin XCBuildConfiguration section */
		8B0A7E192F6A596000D66D7F /* Debug */ = {
			isa = XCBuildConfiguration;
			buildSettings = {
				ALWAYS_SEARCH_USER_PATHS = NO;
				ASSETCATALOG_COMPILER_GENERATE_SWIFT_ASSET_SYMBOL_EXTENSIONS = YES;
				CLANG_ANALYZER_NONNULL = YES;
				CLANG_ANALYZER_NUMBER_OBJECT_CONVERSION = YES_AGGRESSIVE;
				CLANG_CXX_LANGUAGE_STANDARD = "gnu++20";
				CLANG_ENABLE_MODULES = YES;
				CLANG_ENABLE_OBJC_ARC = YES;
				CLANG_ENABLE_OBJC_WEAK = YES;
				CLANG_WARN_BLOCK_CAPTURE_AUTORELEASING = YES;
				CLANG_WARN_BOOL_CONVERSION = YES;
				CLANG_WARN_COMMA = YES;
				CLANG_WARN_CONSTANT_CONVERSION = YES;
				CLANG_WARN_DEPRECATED_OBJC_IMPLEMENTATIONS = YES;
				CLANG_WARN_DIRECT_OBJC_ISA_USAGE = YES_ERROR;
				CLANG_WARN_DOCUMENTATION_COMMENTS = YES;
				CLANG_WARN_EMPTY_BODY = YES;
				CLANG_WARN_ENUM_CONVERSION = YES;
				CLANG_WARN_INFINITE_RECURSION = YES;
				CLANG_WARN_INT_CONVERSION = YES;
				CLANG_WARN_NON_LITERAL_NULL_CONVERSION = YES;
				CLANG_WARN_OBJC_IMPLICIT_RETAIN_SELF = YES;
				CLANG_WARN_OBJC_LITERAL_CONVERSION = YES;
				CLANG_WARN_OBJC_ROOT_CLASS = YES_ERROR;
				CLANG_WARN_QUOTED_INCLUDE_IN_FRAMEWORK_HEADER = YES;
				CLANG_WARN_RANGE_LOOP_ANALYSIS = YES;
				CLANG_WARN_STRICT_PROTOTYPES = YES;
				CLANG_WARN_SUSPICIOUS_MOVE = YES;
				CLANG_WARN_UNGUARDED_AVAILABILITY = YES_AGGRESSIVE;
				CLANG_WARN_UNREACHABLE_CODE = YES;
				CLANG_WARN__DUPLICATE_METHOD_MATCH = YES;
				COPY_PHASE_STRIP = NO;
				DEBUG_INFORMATION_FORMAT = dwarf;
				DEVELOPMENT_TEAM = D4YXK8498W;
				ENABLE_STRICT_OBJC_MSGSEND = YES;
				ENABLE_TESTABILITY = YES;
				ENABLE_USER_SCRIPT_SANDBOXING = YES;
				GCC_C_LANGUAGE_STANDARD = gnu17;
				GCC_DYNAMIC_NO_PIC = NO;
				GCC_NO_COMMON_BLOCKS = YES;
				GCC_OPTIMIZATION_LEVEL = 0;
				GCC_PREPROCESSOR_DEFINITIONS = (
					"DEBUG=1",
					"$(inherited)",
				);
				GCC_WARN_64_TO_32_BIT_CONVERSION = YES;
				GCC_WARN_ABOUT_RETURN_TYPE = YES_ERROR;
				GCC_WARN_UNDECLARED_SELECTOR = YES;
				GCC_WARN_UNINITIALIZED_AUTOS = YES_AGGRESSIVE;
				GCC_WARN_UNUSED_FUNCTION = YES;
				GCC_WARN_UNUSED_VARIABLE = YES;
				IPHONEOS_DEPLOYMENT_TARGET = 26.2;
				LOCALIZATION_PREFERS_STRING_CATALOGS = YES;
				MTL_ENABLE_DEBUG_INFO = INCLUDE_SOURCE;
				MTL_FAST_MATH = YES;
				ONLY_ACTIVE_ARCH = YES;
				SDKROOT = iphoneos;
				SWIFT_ACTIVE_COMPILATION_CONDITIONS = "DEBUG $(inherited)";
				SWIFT_OPTIMIZATION_LEVEL = "-Onone";
			};
			name = Debug;
		};
		8B0A7E1A2F6A596000D66D7F /* Release */ = {
			isa = XCBuildConfiguration;
			buildSettings = {
				ALWAYS_SEARCH_USER_PATHS = NO;
				ASSETCATALOG_COMPILER_GENERATE_SWIFT_ASSET_SYMBOL_EXTENSIONS = YES;
				CLANG_ANALYZER_NONNULL = YES;
				CLANG_ANALYZER_NUMBER_OBJECT_CONVERSION = YES_AGGRESSIVE;
				CLANG_CXX_LANGUAGE_STANDARD = "gnu++20";
				CLANG_ENABLE_MODULES = YES;
				CLANG_ENABLE_OBJC_ARC = YES;
				CLANG_ENABLE_OBJC_WEAK = YES;
				CLANG_WARN_BLOCK_CAPTURE_AUTORELEASING = YES;
				CLANG_WARN_BOOL_CONVERSION = YES;
				CLANG_WARN_COMMA = YES;
				CLANG_WARN_CONSTANT_CONVERSION = YES;
				CLANG_WARN_DEPRECATED_OBJC_IMPLEMENTATIONS = YES;
				CLANG_WARN_DIRECT_OBJC_ISA_USAGE = YES_ERROR;
				CLANG_WARN_DOCUMENTATION_COMMENTS = YES;
				CLANG_WARN_EMPTY_BODY = YES;
				CLANG_WARN_ENUM_CONVERSION = YES;
				CLANG_WARN_INFINITE_RECURSION = YES;
				CLANG_WARN_INT_CONVERSION = YES;
				CLANG_WARN_NON_LITERAL_NULL_CONVERSION = YES;
				CLANG_WARN_OBJC_IMPLICIT_RETAIN_SELF = YES;
				CLANG_WARN_OBJC_LITERAL_CONVERSION = YES;
				CLANG_WARN_OBJC_ROOT_CLASS = YES_ERROR;
				CLANG_WARN_QUOTED_INCLUDE_IN_FRAMEWORK_HEADER = YES;
				CLANG_WARN_RANGE_LOOP_ANALYSIS = YES;
				CLANG_WARN_STRICT_PROTOTYPES = YES;
				CLANG_WARN_SUSPICIOUS_MOVE = YES;
				CLANG_WARN_UNGUARDED_AVAILABILITY = YES_AGGRESSIVE;
				CLANG_WARN_UNREACHABLE_CODE = YES;
				CLANG_WARN__DUPLICATE_METHOD_MATCH = YES;
				COPY_PHASE_STRIP = NO;
				DEBUG_INFORMATION_FORMAT = "dwarf-with-dsym";
				DEVELOPMENT_TEAM = D4YXK8498W;
				ENABLE_NS_ASSERTIONS = NO;
				ENABLE_STRICT_OBJC_MSGSEND = YES;
				ENABLE_USER_SCRIPT_SANDBOXING = YES;
				GCC_C_LANGUAGE_STANDARD = gnu17;
				GCC_NO_COMMON_BLOCKS = YES;
				GCC_WARN_64_TO_32_BIT_CONVERSION = YES;
				GCC_WARN_ABOUT_RETURN_TYPE = YES_ERROR;
				GCC_WARN_UNDECLARED_SELECTOR = YES;
				GCC_WARN_UNINITIALIZED_AUTOS = YES_AGGRESSIVE;
				GCC_WARN_UNUSED_FUNCTION = YES;
				GCC_WARN_UNUSED_VARIABLE = YES;
				IPHONEOS_DEPLOYMENT_TARGET = 26.2;
				LOCALIZATION_PREFERS_STRING_CATALOGS = YES;
				MTL_ENABLE_DEBUG_INFO = NO;
				MTL_FAST_MATH = YES;
				SDKROOT = iphoneos;
				SWIFT_COMPILATION_MODE = wholemodule;
				VALIDATE_PRODUCT = YES;
			};
			name = Release;
		};
		8B0A7E1C2F6A596000D66D7F /* Debug */ = {
			isa = XCBuildConfiguration;
			buildSettings = {
				ASSETCATALOG_COMPILER_APPICON_NAME = AppIcon;
				ASSETCATALOG_COMPILER_GLOBAL_ACCENT_COLOR_NAME = AccentColor;
				CODE_SIGN_STYLE = Automatic;
				CURRENT_PROJECT_VERSION = 1;
				DEVELOPMENT_TEAM = D4YXK8498W;
				ENABLE_PREVIEWS = YES;
				GENERATE_INFOPLIST_FILE = YES;
				INFOPLIST_KEY_UIApplicationSceneManifest_Generation = YES;
				INFOPLIST_KEY_UIApplicationSupportsIndirectInputEvents = YES;
				INFOPLIST_KEY_UILaunchScreen_Generation = YES;
				INFOPLIST_KEY_UISupportedInterfaceOrientations_iPad = "UIInterfaceOrientationPortrait UIInterfaceOrientationPortraitUpsideDown UIInterfaceOrientationLandscapeLeft UIInterfaceOrientationLandscapeRight";
				INFOPLIST_KEY_UISupportedInterfaceOrientations_iPhone = "UIInterfaceOrientationPortrait UIInterfaceOrientationLandscapeLeft UIInterfaceOrientationLandscapeRight";
				LD_RUNPATH_SEARCH_PATHS = (
					"$(inherited)",
					"@executable_path/Frameworks",
				);
				MARKETING_VERSION = 1.0;
				PRODUCT_BUNDLE_IDENTIFIER = Test.DocumentRecognition;
				PRODUCT_NAME = "$(TARGET_NAME)";
				STRING_CATALOG_GENERATE_SYMBOLS = YES;
				SWIFT_APPROACHABLE_CONCURRENCY = YES;
				SWIFT_DEFAULT_ACTOR_ISOLATION = MainActor;
				SWIFT_EMIT_LOC_STRINGS = YES;
				SWIFT_UPCOMING_FEATURE_MEMBER_IMPORT_VISIBILITY = YES;
				SWIFT_VERSION = 5.0;
				TARGETED_DEVICE_FAMILY = "1,2";
			};
			name = Debug;
		};
		8B0A7E1D2F6A596000D66D7F /* Release */ = {
			isa = XCBuildConfiguration;
			buildSettings = {
				ASSETCATALOG_COMPILER_APPICON_NAME = AppIcon;
				ASSETCATALOG_COMPILER_GLOBAL_ACCENT_COLOR_NAME = AccentColor;
				CODE_SIGN_STYLE = Automatic;
				CURRENT_PROJECT_VERSION = 1;
				DEVELOPMENT_TEAM = D4YXK8498W;
				ENABLE_PREVIEWS = YES;
				GENERATE_INFOPLIST_FILE = YES;
				INFOPLIST_KEY_UIApplicationSceneManifest_Generation = YES;
				INFOPLIST_KEY_UIApplicationSupportsIndirectInputEvents = YES;
				INFOPLIST_KEY_UILaunchScreen_Generation = YES;
				INFOPLIST_KEY_UISupportedInterfaceOrientations_iPad = "UIInterfaceOrientationPortrait UIInterfaceOrientationPortraitUpsideDown UIInterfaceOrientationLandscapeLeft UIInterfaceOrientationLandscapeRight";
				INFOPLIST_KEY_UISupportedInterfaceOrientations_iPhone = "UIInterfaceOrientationPortrait UIInterfaceOrientationLandscapeLeft UIInterfaceOrientationLandscapeRight";
				LD_RUNPATH_SEARCH_PATHS = (
					"$(inherited)",
					"@executable_path/Frameworks",
				);
				MARKETING_VERSION = 1.0;
				PRODUCT_BUNDLE_IDENTIFIER = Test.DocumentRecognition;
				PRODUCT_NAME = "$(TARGET_NAME)";
				STRING_CATALOG_GENERATE_SYMBOLS = YES;
				SWIFT_APPROACHABLE_CONCURRENCY = YES;
				SWIFT_DEFAULT_ACTOR_ISOLATION = MainActor;
				SWIFT_EMIT_LOC_STRINGS = YES;
				SWIFT_UPCOMING_FEATURE_MEMBER_IMPORT_VISIBILITY = YES;
				SWIFT_VERSION = 5.0;
				TARGETED_DEVICE_FAMILY = "1,2";
			};
			name = Release;
		};
		8B0A7E1F2F6A596000D66D7F /* Debug */ = {
			isa = XCBuildConfiguration;
			buildSettings = {
				BUNDLE_LOADER = "$(TEST_HOST)";
				CODE_SIGN_STYLE = Automatic;
				CURRENT_PROJECT_VERSION = 1;
				DEVELOPMENT_TEAM = D4YXK8498W;
				GENERATE_INFOPLIST_FILE = YES;
				IPHONEOS_DEPLOYMENT_TARGET = 26.2;
				MARKETING_VERSION = 1.0;
				PRODUCT_BUNDLE_IDENTIFIER = Test.DocumentRecognition5ExtractBarcodeTests;
				PRODUCT_NAME = "$(TARGET_NAME)";
				STRING_CATALOG_GENERATE_SYMBOLS = NO;
				SWIFT_APPROACHABLE_CONCURRENCY = YES;
				SWIFT_EMIT_LOC_STRINGS = NO;
				SWIFT_UPCOMING_FEATURE_MEMBER_IMPORT_VISIBILITY = YES;
				SWIFT_VERSION = 5.0;
				TARGETED_DEVICE_FAMILY = "1,2";
				TEST_HOST = "$(BUILT_PRODUCTS_DIR)/DocumentRecognition5ExtractBarcode.app/$(BUNDLE_EXECUTABLE_FOLDER_PATH)/DocumentRecognition5ExtractBarcode";
			};
			name = Debug;
		};
		8B0A7E202F6A596000D66D7F /* Release */ = {
			isa = XCBuildConfiguration;
			buildSettings = {
				BUNDLE_LOADER = "$(TEST_HOST)";
				CODE_SIGN_STYLE = Automatic;
				CURRENT_PROJECT_VERSION = 1;
				DEVELOPMENT_TEAM = D4YXK8498W;
				GENERATE_INFOPLIST_FILE = YES;
				IPHONEOS_DEPLOYMENT_TARGET = 26.2;
				MARKETING_VERSION = 1.0;
				PRODUCT_BUNDLE_IDENTIFIER = Test.DocumentRecognition5ExtractBarcodeTests;
				PRODUCT_NAME = "$(TARGET_NAME)";
				STRING_CATALOG_GENERATE_SYMBOLS = NO;
				SWIFT_APPROACHABLE_CONCURRENCY = YES;
				SWIFT_EMIT_LOC_STRINGS = NO;
				SWIFT_UPCOMING_FEATURE_MEMBER_IMPORT_VISIBILITY = YES;
				SWIFT_VERSION = 5.0;
				TARGETED_DEVICE_FAMILY = "1,2";
				TEST_HOST = "$(BUILT_PRODUCTS_DIR)/DocumentRecognition5ExtractBarcode.app/$(BUNDLE_EXECUTABLE_FOLDER_PATH)/DocumentRecognition5ExtractBarcode";
			};
			name = Release;
		};
		8B0A7E222F6A596000D66D7F /* Debug */ = {
			isa = XCBuildConfiguration;
			buildSettings = {
				CODE_SIGN_STYLE = Automatic;
				CURRENT_PROJECT_VERSION = 1;
				DEVELOPMENT_TEAM = D4YXK8498W;
				GENERATE_INFOPLIST_FILE = YES;
				MARKETING_VERSION = 1.0;
				PRODUCT_BUNDLE_IDENTIFIER = Test.DocumentRecognition5ExtractBarcodeUITests;
				PRODUCT_NAME = "$(TARGET_NAME)";
				STRING_CATALOG_GENERATE_SYMBOLS = NO;
				SWIFT_APPROACHABLE_CONCURRENCY = YES;
				SWIFT_EMIT_LOC_STRINGS = NO;
				SWIFT_UPCOMING_FEATURE_MEMBER_IMPORT_VISIBILITY = YES;
				SWIFT_VERSION = 5.0;
				TARGETED_DEVICE_FAMILY = "1,2";
				TEST_TARGET_NAME = DocumentRecognition5ExtractBarcode;
			};
			name = Debug;
		};
		8B0A7E232F6A596000D66D7F /* Release */ = {
			isa = XCBuildConfiguration;
			buildSettings = {
				CODE_SIGN_STYLE = Automatic;
				CURRENT_PROJECT_VERSION = 1;
				DEVELOPMENT_TEAM = D4YXK8498W;
				GENERATE_INFOPLIST_FILE = YES;
				MARKETING_VERSION = 1.0;
				PRODUCT_BUNDLE_IDENTIFIER = Test.DocumentRecognition5ExtractBarcodeUITests;
				PRODUCT_NAME = "$(TARGET_NAME)";
				STRING_CATALOG_GENERATE_SYMBOLS = NO;
				SWIFT_APPROACHABLE_CONCURRENCY = YES;
				SWIFT_EMIT_LOC_STRINGS = NO;
				SWIFT_UPCOMING_FEATURE_MEMBER_IMPORT_VISIBILITY = YES;
				SWIFT_VERSION = 5.0;
				TARGETED_DEVICE_FAMILY = "1,2";
				TEST_TARGET_NAME = DocumentRecognition5ExtractBarcode;
			};
			name = Release;
		};
/* End XCBuildConfiguration section */

/* Begin XCConfigurationList section */
		8B0A7DF52F6A595E00D66D7F /* Build configuration list for PBXProject "DocumentRecognition5ExtractBarcode" */ = {
			isa = XCConfigurationList;
			buildConfigurations = (
				8B0A7E192F6A596000D66D7F /* Debug */,
				8B0A7E1A2F6A596000D66D7F /* Release */,
			);
			defaultConfigurationIsVisible = 0;
			defaultConfigurationName = Release;
		};
		8B0A7E1B2F6A596000D66D7F /* Build configuration list for PBXNativeTarget "DocumentRecognition5ExtractBarcode" */ = {
			isa = XCConfigurationList;
			buildConfigurations = (
				8B0A7E1C2F6A596000D66D7F /* Debug */,
				8B0A7E1D2F6A596000D66D7F /* Release */,
			);
			defaultConfigurationIsVisible = 0;
			defaultConfigurationName = Release;
		};
		8B0A7E1E2F6A596000D66D7F /* Build configuration list for PBXNativeTarget "DocumentRecognition5ExtractBarcodeTests" */ = {
			isa = XCConfigurationList;
			buildConfigurations = (
				8B0A7E1F2F6A596000D66D7F /* Debug */,
				8B0A7E202F6A596000D66D7F /* Release */,
			);
			defaultConfigurationIsVisible = 0;
			defaultConfigurationName = Release;
		};
		8B0A7E212F6A596000D66D7F /* Build configuration list for PBXNativeTarget "DocumentRecognition5ExtractBarcodeUITests" */ = {
			isa = XCConfigurationList;
			buildConfigurations = (
				8B0A7E222F6A596000D66D7F /* Debug */,
				8B0A7E232F6A596000D66D7F /* Release */,
			);
			defaultConfigurationIsVisible = 0;
			defaultConfigurationName = Release;
		};
/* End XCConfigurationList section */
	};
	rootObject = 8B0A7DF22F6A595E00D66D7F /* Project object */;
}
